dependencies:
- name: postgresql
  repository: oci://registry-1.docker.io/bitnamicharts
  version: 16.7.15
- name: common
  repository: oci://registry-1.docker.io/bitnamicharts
  version: 2.31.3
digest: sha256:722d33383b5ee8d65a9b76d3a6082d60fb286d9a0933de21766d89ee3b442422
generated: "2025-07-07T22:44:29.9108611+05:30"
